
Microsoft Visual Studio Solution File, Format Version 12.00
# Visual Studio Version 16
VisualStudioVersion = 16.0.32126.315
MinimumVisualStudioVersion = 10.0.40219.1
Project("{FAE04EC0-301F-11D3-BF4B-00C04F79EFBC}") = "Homework_Theme_03", "Homework_Theme_03.csproj", "{003BDC77-7FBF-4762-A477-330A52636A84}"
EndProject
Project("{FAE04EC0-301F-11D3-BF4B-00C04F79EFBC}") = "Homework_Theme_01", "..\Homework_Theme_01\Homework_Theme_01.csproj", "{19A29861-EDF2-44FF-9C63-FEAE0939348E}"
EndProject
Global
	GlobalSection(SolutionConfigurationPlatforms) = preSolution
		Debug|Any CPU = Debug|Any CPU
		Release|Any CPU = Release|Any CPU
	EndGlobalSection
	GlobalSection(ProjectConfigurationPlatforms) = postSolution
		{003BDC77-7FBF-4762-A477-330A52636A84}.Debug|Any CPU.ActiveCfg = Debug|Any CPU
		{003BDC77-7FBF-4762-A477-330A52636A84}.Debug|Any CPU.Build.0 = Debug|Any CPU
		{003BDC77-7FBF-4762-A477-330A52636A84}.Release|Any CPU.ActiveCfg = Release|Any CPU
		{003BDC77-7FBF-4762-A477-330A52636A84}.Release|Any CPU.Build.0 = Release|Any CPU
		{19A29861-EDF2-44FF-9C63-FEAE0939348E}.Debug|Any CPU.ActiveCfg = Debug|Any CPU
		{19A29861-EDF2-44FF-9C63-FEAE0939348E}.Debug|Any CPU.Build.0 = Debug|Any CPU
		{19A29861-EDF2-44FF-9C63-FEAE0939348E}.Release|Any CPU.ActiveCfg = Release|Any CPU
		{19A29861-EDF2-44FF-9C63-FEAE0939348E}.Release|Any CPU.Build.0 = Release|Any CPU
	EndGlobalSection
	GlobalSection(SolutionProperties) = preSolution
		HideSolutionNode = FALSE
	EndGlobalSection
	GlobalSection(ExtensibilityGlobals) = postSolution
		SolutionGuid = {713950C0-0275-4E36-B9F0-930DD3D5D92D}
	EndGlobalSection
EndGlobal
